
Microsoft Visual Studio Solution File, Format Version 12.00
Project("{FAE04EC0-301F-11D3-BF4B-00C04F79EFBC}") = "WebApp", "WebApp\WebApp.csproj", "{11E7B2CC-537E-42A9-A816-2CC8A945E820}"
EndProject
Project("{2150E333-8FDC-42A3-9474-1A3956D46DE8}") = "Solution Items", "Solution Items", "{16677264-9FF1-4149-A59B-437E99BB143A}"
ProjectSection(SolutionItems) = preProject
	.gitignore = .gitignore
	README.md = README.md
	Directory.Build.props = Directory.Build.props
	Dockerfile = Dockerfile
	.dockerignore = .dockerignore
EndProjectSection
EndProject
Project("{FAE04EC0-301F-11D3-BF4B-00C04F79EFBC}") = "Domain.App", "Domain.App\Domain.App.csproj", "{0B4A0B1F-3A68-468B-A542-E0B4CCD5266F}"
EndProject
Project("{FAE04EC0-301F-11D3-BF4B-00C04F79EFBC}") = "Domain.Base", "Domain.Base\Domain.Base.csproj", "{476EDB5D-10D3-4187-8076-1C1FE46D218B}"
EndProject
Project("{FAE04EC0-301F-11D3-BF4B-00C04F79EFBC}") = "Contracts.Domain.Base", "Contracts.Domain.Base\Contracts.Domain.Base.csproj", "{C620A397-F999-4C9F-AB6C-1E27C929FA10}"
EndProject
Project("{FAE04EC0-301F-11D3-BF4B-00C04F79EFBC}") = "DAL.App.EF", "DAL.App.EF\DAL.App.EF.csproj", "{72F2F257-50AA-48AF-A735-B024690C3E1D}"
EndProject
Project("{FAE04EC0-301F-11D3-BF4B-00C04F79EFBC}") = "Contracts.DAL.Base", "Contracts.DAL.Base\Contracts.DAL.Base.csproj", "{060A7305-0391-4062-97D7-50B349ADB0D7}"
EndProject
Project("{FAE04EC0-301F-11D3-BF4B-00C04F79EFBC}") = "DAL.Base.EF", "DAL.Base.EF\DAL.Base.EF.csproj", "{7DD8A1A3-B73A-4638-9789-FED0AF025649}"
EndProject
Project("{FAE04EC0-301F-11D3-BF4B-00C04F79EFBC}") = "Contracts.DAL.App", "Contracts.DAL.App\Contracts.DAL.App.csproj", "{2B5C19AE-1032-4E00-ADBE-35238502E1F9}"
EndProject
Project("{FAE04EC0-301F-11D3-BF4B-00C04F79EFBC}") = "DAL.Base", "DAL.Base\DAL.Base.csproj", "{2A647EE6-6315-4980-BA4D-7DBD346C8C57}"
EndProject
Project("{FAE04EC0-301F-11D3-BF4B-00C04F79EFBC}") = "Extensions.Base", "Extensions.Base\Extensions.Base.csproj", "{B8EC1A8B-8619-4FEB-985D-6DD69E4D0282}"
EndProject
Project("{FAE04EC0-301F-11D3-BF4B-00C04F79EFBC}") = "PublicApi.DTO.v1", "PublicApi.DTO.v1\PublicApi.DTO.v1.csproj", "{2F05A3C1-BDFB-4D09-8175-5BFAD2E8B2E8}"
EndProject
Project("{FAE04EC0-301F-11D3-BF4B-00C04F79EFBC}") = "Contracts.BLL.Base", "Contracts.BLL.Base\Contracts.BLL.Base.csproj", "{EE8C0E04-B53E-479B-B240-0DA05899EC5F}"
EndProject
Project("{FAE04EC0-301F-11D3-BF4B-00C04F79EFBC}") = "BLL.Base", "BLL.Base\BLL.Base.csproj", "{B58189C1-40C9-4219-9D2C-60B31EFDA117}"
EndProject
Project("{FAE04EC0-301F-11D3-BF4B-00C04F79EFBC}") = "Contracts.BLL.App", "Contracts.BLL.App\Contracts.BLL.App.csproj", "{D7B92F49-C1E7-438C-8535-52AD5E373921}"
EndProject
Project("{FAE04EC0-301F-11D3-BF4B-00C04F79EFBC}") = "BLL.App", "BLL.App\BLL.App.csproj", "{849E81F2-A202-4C9B-A638-5804A3765EB9}"
EndProject
Project("{FAE04EC0-301F-11D3-BF4B-00C04F79EFBC}") = "DAL.App.DTO", "DAL.App.DTO\DAL.App.DTO.csproj", "{924CF9AD-A94C-401E-A96B-73E9D3D62076}"
EndProject
Project("{FAE04EC0-301F-11D3-BF4B-00C04F79EFBC}") = "BLL.App.DTO", "BLL.App.DTO\BLL.App.DTO.csproj", "{F6A0985B-37CE-4067-8B21-B6E1EBC60D97}"
EndProject
Project("{2150E333-8FDC-42A3-9474-1A3956D46DE8}") = "Base", "Base", "{52FF9007-CE89-466A-9963-43391B82EF16}"
EndProject
Project("{2150E333-8FDC-42A3-9474-1A3956D46DE8}") = "Contracts", "Contracts", "{13366C1D-096C-4E02-9307-28EE1266F42E}"
EndProject
Project("{2150E333-8FDC-42A3-9474-1A3956D46DE8}") = "App", "App", "{7CAD0093-276D-41C3-AF6D-5B0B235B952F}"
EndProject
Project("{FAE04EC0-301F-11D3-BF4B-00C04F79EFBC}") = "Base.Resources", "Base.Resources\Base.Resources.csproj", "{1E35E6AE-ED4C-407D-9593-9524AD538B0B}"
EndProject
Project("{2150E333-8FDC-42A3-9474-1A3956D46DE8}") = "Tests", "Tests", "{45663795-1869-44A4-BF43-1768CEE0B7B1}"
EndProject
Project("{FAE04EC0-301F-11D3-BF4B-00C04F79EFBC}") = "TestProject", "TestProject\TestProject.csproj", "{30853BE1-8A43-4DD4-90E9-52020AEFE4D8}"
EndProject
Global
	GlobalSection(SolutionConfigurationPlatforms) = preSolution
		Debug|Any CPU = Debug|Any CPU
		Release|Any CPU = Release|Any CPU
	EndGlobalSection
	GlobalSection(ProjectConfigurationPlatforms) = postSolution
		{11E7B2CC-537E-42A9-A816-2CC8A945E820}.Debug|Any CPU.ActiveCfg = Debug|Any CPU
		{11E7B2CC-537E-42A9-A816-2CC8A945E820}.Debug|Any CPU.Build.0 = Debug|Any CPU
		{11E7B2CC-537E-42A9-A816-2CC8A945E820}.Release|Any CPU.ActiveCfg = Release|Any CPU
		{11E7B2CC-537E-42A9-A816-2CC8A945E820}.Release|Any CPU.Build.0 = Release|Any CPU
		{0B4A0B1F-3A68-468B-A542-E0B4CCD5266F}.Debug|Any CPU.ActiveCfg = Debug|Any CPU
		{0B4A0B1F-3A68-468B-A542-E0B4CCD5266F}.Debug|Any CPU.Build.0 = Debug|Any CPU
		{0B4A0B1F-3A68-468B-A542-E0B4CCD5266F}.Release|Any CPU.ActiveCfg = Release|Any CPU
		{0B4A0B1F-3A68-468B-A542-E0B4CCD5266F}.Release|Any CPU.Build.0 = Release|Any CPU
		{476EDB5D-10D3-4187-8076-1C1FE46D218B}.Debug|Any CPU.ActiveCfg = Debug|Any CPU
		{476EDB5D-10D3-4187-8076-1C1FE46D218B}.Debug|Any CPU.Build.0 = Debug|Any CPU
		{476EDB5D-10D3-4187-8076-1C1FE46D218B}.Release|Any CPU.ActiveCfg = Release|Any CPU
		{476EDB5D-10D3-4187-8076-1C1FE46D218B}.Release|Any CPU.Build.0 = Release|Any CPU
		{C620A397-F999-4C9F-AB6C-1E27C929FA10}.Debug|Any CPU.ActiveCfg = Debug|Any CPU
		{C620A397-F999-4C9F-AB6C-1E27C929FA10}.Debug|Any CPU.Build.0 = Debug|Any CPU
		{C620A397-F999-4C9F-AB6C-1E27C929FA10}.Release|Any CPU.ActiveCfg = Release|Any CPU
		{C620A397-F999-4C9F-AB6C-1E27C929FA10}.Release|Any CPU.Build.0 = Release|Any CPU
		{72F2F257-50AA-48AF-A735-B024690C3E1D}.Debug|Any CPU.ActiveCfg = Debug|Any CPU
		{72F2F257-50AA-48AF-A735-B024690C3E1D}.Debug|Any CPU.Build.0 = Debug|Any CPU
		{72F2F257-50AA-48AF-A735-B024690C3E1D}.Release|Any CPU.ActiveCfg = Release|Any CPU
		{72F2F257-50AA-48AF-A735-B024690C3E1D}.Release|Any CPU.Build.0 = Release|Any CPU
		{060A7305-0391-4062-97D7-50B349ADB0D7}.Debug|Any CPU.ActiveCfg = Debug|Any CPU
		{060A7305-0391-4062-97D7-50B349ADB0D7}.Debug|Any CPU.Build.0 = Debug|Any CPU
		{060A7305-0391-4062-97D7-50B349ADB0D7}.Release|Any CPU.ActiveCfg = Release|Any CPU
		{060A7305-0391-4062-97D7-50B349ADB0D7}.Release|Any CPU.Build.0 = Release|Any CPU
		{7DD8A1A3-B73A-4638-9789-FED0AF025649}.Debug|Any CPU.ActiveCfg = Debug|Any CPU
		{7DD8A1A3-B73A-4638-9789-FED0AF025649}.Debug|Any CPU.Build.0 = Debug|Any CPU
		{7DD8A1A3-B73A-4638-9789-FED0AF025649}.Release|Any CPU.ActiveCfg = Release|Any CPU
		{7DD8A1A3-B73A-4638-9789-FED0AF025649}.Release|Any CPU.Build.0 = Release|Any CPU
		{2B5C19AE-1032-4E00-ADBE-35238502E1F9}.Debug|Any CPU.ActiveCfg = Debug|Any CPU
		{2B5C19AE-1032-4E00-ADBE-35238502E1F9}.Debug|Any CPU.Build.0 = Debug|Any CPU
		{2B5C19AE-1032-4E00-ADBE-35238502E1F9}.Release|Any CPU.ActiveCfg = Release|Any CPU
		{2B5C19AE-1032-4E00-ADBE-35238502E1F9}.Release|Any CPU.Build.0 = Release|Any CPU
		{2A647EE6-6315-4980-BA4D-7DBD346C8C57}.Debug|Any CPU.ActiveCfg = Debug|Any CPU
		{2A647EE6-6315-4980-BA4D-7DBD346C8C57}.Debug|Any CPU.Build.0 = Debug|Any CPU
		{2A647EE6-6315-4980-BA4D-7DBD346C8C57}.Release|Any CPU.ActiveCfg = Release|Any CPU
		{2A647EE6-6315-4980-BA4D-7DBD346C8C57}.Release|Any CPU.Build.0 = Release|Any CPU
		{B8EC1A8B-8619-4FEB-985D-6DD69E4D0282}.Debug|Any CPU.ActiveCfg = Debug|Any CPU
		{B8EC1A8B-8619-4FEB-985D-6DD69E4D0282}.Debug|Any CPU.Build.0 = Debug|Any CPU
		{B8EC1A8B-8619-4FEB-985D-6DD69E4D0282}.Release|Any CPU.ActiveCfg = Release|Any CPU
		{B8EC1A8B-8619-4FEB-985D-6DD69E4D0282}.Release|Any CPU.Build.0 = Release|Any CPU
		{2F05A3C1-BDFB-4D09-8175-5BFAD2E8B2E8}.Debug|Any CPU.ActiveCfg = Debug|Any CPU
		{2F05A3C1-BDFB-4D09-8175-5BFAD2E8B2E8}.Debug|Any CPU.Build.0 = Debug|Any CPU
		{2F05A3C1-BDFB-4D09-8175-5BFAD2E8B2E8}.Release|Any CPU.ActiveCfg = Release|Any CPU
		{2F05A3C1-BDFB-4D09-8175-5BFAD2E8B2E8}.Release|Any CPU.Build.0 = Release|Any CPU
		{EE8C0E04-B53E-479B-B240-0DA05899EC5F}.Debug|Any CPU.ActiveCfg = Debug|Any CPU
		{EE8C0E04-B53E-479B-B240-0DA05899EC5F}.Debug|Any CPU.Build.0 = Debug|Any CPU
		{EE8C0E04-B53E-479B-B240-0DA05899EC5F}.Release|Any CPU.ActiveCfg = Release|Any CPU
		{EE8C0E04-B53E-479B-B240-0DA05899EC5F}.Release|Any CPU.Build.0 = Release|Any CPU
		{B58189C1-40C9-4219-9D2C-60B31EFDA117}.Debug|Any CPU.ActiveCfg = Debug|Any CPU
		{B58189C1-40C9-4219-9D2C-60B31EFDA117}.Debug|Any CPU.Build.0 = Debug|Any CPU
		{B58189C1-40C9-4219-9D2C-60B31EFDA117}.Release|Any CPU.ActiveCfg = Release|Any CPU
		{B58189C1-40C9-4219-9D2C-60B31EFDA117}.Release|Any CPU.Build.0 = Release|Any CPU
		{D7B92F49-C1E7-438C-8535-52AD5E373921}.Debug|Any CPU.ActiveCfg = Debug|Any CPU
		{D7B92F49-C1E7-438C-8535-52AD5E373921}.Debug|Any CPU.Build.0 = Debug|Any CPU
		{D7B92F49-C1E7-438C-8535-52AD5E373921}.Release|Any CPU.ActiveCfg = Release|Any CPU
		{D7B92F49-C1E7-438C-8535-52AD5E373921}.Release|Any CPU.Build.0 = Release|Any CPU
		{849E81F2-A202-4C9B-A638-5804A3765EB9}.Debug|Any CPU.ActiveCfg = Debug|Any CPU
		{849E81F2-A202-4C9B-A638-5804A3765EB9}.Debug|Any CPU.Build.0 = Debug|Any CPU
		{849E81F2-A202-4C9B-A638-5804A3765EB9}.Release|Any CPU.ActiveCfg = Release|Any CPU
		{849E81F2-A202-4C9B-A638-5804A3765EB9}.Release|Any CPU.Build.0 = Release|Any CPU
		{924CF9AD-A94C-401E-A96B-73E9D3D62076}.Debug|Any CPU.ActiveCfg = Debug|Any CPU
		{924CF9AD-A94C-401E-A96B-73E9D3D62076}.Debug|Any CPU.Build.0 = Debug|Any CPU
		{924CF9AD-A94C-401E-A96B-73E9D3D62076}.Release|Any CPU.ActiveCfg = Release|Any CPU
		{924CF9AD-A94C-401E-A96B-73E9D3D62076}.Release|Any CPU.Build.0 = Release|Any CPU
		{F6A0985B-37CE-4067-8B21-B6E1EBC60D97}.Debug|Any CPU.ActiveCfg = Debug|Any CPU
		{F6A0985B-37CE-4067-8B21-B6E1EBC60D97}.Debug|Any CPU.Build.0 = Debug|Any CPU
		{F6A0985B-37CE-4067-8B21-B6E1EBC60D97}.Release|Any CPU.ActiveCfg = Release|Any CPU
		{F6A0985B-37CE-4067-8B21-B6E1EBC60D97}.Release|Any CPU.Build.0 = Release|Any CPU
		{1E35E6AE-ED4C-407D-9593-9524AD538B0B}.Debug|Any CPU.ActiveCfg = Debug|Any CPU
		{1E35E6AE-ED4C-407D-9593-9524AD538B0B}.Debug|Any CPU.Build.0 = Debug|Any CPU
		{1E35E6AE-ED4C-407D-9593-9524AD538B0B}.Release|Any CPU.ActiveCfg = Release|Any CPU
		{1E35E6AE-ED4C-407D-9593-9524AD538B0B}.Release|Any CPU.Build.0 = Release|Any CPU
		{30853BE1-8A43-4DD4-90E9-52020AEFE4D8}.Debug|Any CPU.ActiveCfg = Debug|Any CPU
		{30853BE1-8A43-4DD4-90E9-52020AEFE4D8}.Debug|Any CPU.Build.0 = Debug|Any CPU
		{30853BE1-8A43-4DD4-90E9-52020AEFE4D8}.Release|Any CPU.ActiveCfg = Release|Any CPU
		{30853BE1-8A43-4DD4-90E9-52020AEFE4D8}.Release|Any CPU.Build.0 = Release|Any CPU
	EndGlobalSection
	GlobalSection(NestedProjects) = preSolution
		{B58189C1-40C9-4219-9D2C-60B31EFDA117} = {52FF9007-CE89-466A-9963-43391B82EF16}
		{2A647EE6-6315-4980-BA4D-7DBD346C8C57} = {52FF9007-CE89-466A-9963-43391B82EF16}
		{476EDB5D-10D3-4187-8076-1C1FE46D218B} = {52FF9007-CE89-466A-9963-43391B82EF16}
		{B8EC1A8B-8619-4FEB-985D-6DD69E4D0282} = {52FF9007-CE89-466A-9963-43391B82EF16}
		{7DD8A1A3-B73A-4638-9789-FED0AF025649} = {52FF9007-CE89-466A-9963-43391B82EF16}
		{13366C1D-096C-4E02-9307-28EE1266F42E} = {52FF9007-CE89-466A-9963-43391B82EF16}
		{D7B92F49-C1E7-438C-8535-52AD5E373921} = {13366C1D-096C-4E02-9307-28EE1266F42E}
		{EE8C0E04-B53E-479B-B240-0DA05899EC5F} = {13366C1D-096C-4E02-9307-28EE1266F42E}
		{2B5C19AE-1032-4E00-ADBE-35238502E1F9} = {13366C1D-096C-4E02-9307-28EE1266F42E}
		{060A7305-0391-4062-97D7-50B349ADB0D7} = {13366C1D-096C-4E02-9307-28EE1266F42E}
		{C620A397-F999-4C9F-AB6C-1E27C929FA10} = {13366C1D-096C-4E02-9307-28EE1266F42E}
		{849E81F2-A202-4C9B-A638-5804A3765EB9} = {7CAD0093-276D-41C3-AF6D-5B0B235B952F}
		{0B4A0B1F-3A68-468B-A542-E0B4CCD5266F} = {7CAD0093-276D-41C3-AF6D-5B0B235B952F}
		{72F2F257-50AA-48AF-A735-B024690C3E1D} = {7CAD0093-276D-41C3-AF6D-5B0B235B952F}
		{F6A0985B-37CE-4067-8B21-B6E1EBC60D97} = {7CAD0093-276D-41C3-AF6D-5B0B235B952F}
		{924CF9AD-A94C-401E-A96B-73E9D3D62076} = {7CAD0093-276D-41C3-AF6D-5B0B235B952F}
		{2F05A3C1-BDFB-4D09-8175-5BFAD2E8B2E8} = {7CAD0093-276D-41C3-AF6D-5B0B235B952F}
		{11E7B2CC-537E-42A9-A816-2CC8A945E820} = {7CAD0093-276D-41C3-AF6D-5B0B235B952F}
		{1E35E6AE-ED4C-407D-9593-9524AD538B0B} = {52FF9007-CE89-466A-9963-43391B82EF16}
		{30853BE1-8A43-4DD4-90E9-52020AEFE4D8} = {45663795-1869-44A4-BF43-1768CEE0B7B1}
	EndGlobalSection
EndGlobal
